
Microsoft Visual Studio Solution File, Format Version 12.00
# Visual Studio 15
VisualStudioVersion = 15.0.27130.2024
MinimumVisualStudioVersion = 10.0.40219.1
Project("{F184B08F-C81C-45F6-A57F-5ABD9991F28F}") = "PropidexLite", "PropidexLite\PropidexLite.vbproj", "{7419B951-CA3E-4E63-9EB5-A8B589EC2BCC}"
EndProject
Global
	GlobalSection(SolutionConfigurationPlatforms) = preSolution
		Debug|Any CPU = Debug|Any CPU
		Release|Any CPU = Release|Any CPU
	EndGlobalSection
	GlobalSection(ProjectConfigurationPlatforms) = postSolution
		{7419B951-CA3E-4E63-9EB5-A8B589EC2BCC}.Debug|Any CPU.ActiveCfg = Debug|Any CPU
		{7419B951-CA3E-4E63-9EB5-A8B589EC2BCC}.Debug|Any CPU.Build.0 = Debug|Any CPU
		{7419B951-CA3E-4E63-9EB5-A8B589EC2BCC}.Release|Any CPU.ActiveCfg = Release|Any CPU
		{7419B951-CA3E-4E63-9EB5-A8B589EC2BCC}.Release|Any CPU.Build.0 = Release|Any CPU
	EndGlobalSection
	GlobalSection(SolutionProperties) = preSolution
		HideSolutionNode = FALSE
	EndGlobalSection
	GlobalSection(ExtensibilityGlobals) = postSolution
		SolutionGuid = {EFFCC333-4C0A-40CF-AD7F-CEC646182B6F}
	EndGlobalSection
EndGlobal
